// !$*UTF8*$!
{
	archiveVersion = 1;
	classes = {
	};
	objectVersion = 46;
	objects = {

/* Begin PBXBuildFile section */
		4902FFD71DD629F500E54871 /* PrayTime.m in Sources */ = {isa = PBXBuildFile; fileRef = 4902FFD61DD629F500E54871 /* PrayTime.m */; };
		492836311DD6431100909041 /* PrayerTimesViewController.swift in Sources */ = {isa = PBXBuildFile; fileRef = 492836301DD6431100909041 /* PrayerTimesViewController.swift */; };
		492836331DD7A17C00909041 /* PrayerTimeModel.swift in Sources */ = {isa = PBXBuildFile; fileRef = 492836321DD7A17C00909041 /* PrayerTimeModel.swift */; };
		492836371DD7B23600909041 /* GoogleService-Info.plist in Resources */ = {isa = PBXBuildFile; fileRef = 492836361DD7B23600909041 /* GoogleService-Info.plist */; };
		492836391DDA2A7100909041 /* UpcomingProgramsViewController.swift in Sources */ = {isa = PBXBuildFile; fileRef = 492836381DDA2A7100909041 /* UpcomingProgramsViewController.swift */; };
		49368D7B1DCF8ED600D3257D /* AppDelegate.swift in Sources */ = {isa = PBXBuildFile; fileRef = 49368D7A1DCF8ED600D3257D /* AppDelegate.swift */; };
		49368D801DCF8ED700D3257D /* Main.storyboard in Resources */ = {isa = PBXBuildFile; fileRef = 49368D7E1DCF8ED700D3257D /* Main.storyboard */; };
		49368D821DCF8ED800D3257D /* Assets.xcassets in Resources */ = {isa = PBXBuildFile; fileRef = 49368D811DCF8ED800D3257D /* Assets.xcassets */; };
		49368D851DCF8ED800D3257D /* LaunchScreen.storyboard in Resources */ = {isa = PBXBuildFile; fileRef = 49368D831DCF8ED800D3257D /* LaunchScreen.storyboard */; };
		49368D901DCFF54100D3257D /* GoogleDocsClient.swift in Sources */ = {isa = PBXBuildFile; fileRef = 49368D8F1DCFF54100D3257D /* GoogleDocsClient.swift */; };
		49368D921DCFF59900D3257D /* GoogleDocsConstants.swift in Sources */ = {isa = PBXBuildFile; fileRef = 49368D911DCFF59900D3257D /* GoogleDocsConstants.swift */; };
		49368D941DCFFC6B00D3257D /* GoogleDocsConvenience.swift in Sources */ = {isa = PBXBuildFile; fileRef = 49368D931DCFFC6B00D3257D /* GoogleDocsConvenience.swift */; };
		49368D961DCFFDC700D3257D /* SabaCenterData.swift in Sources */ = {isa = PBXBuildFile; fileRef = 49368D951DCFFDC700D3257D /* SabaCenterData.swift */; };
		49368D9A1DD51D5400D3257D /* GCD.swift in Sources */ = {isa = PBXBuildFile; fileRef = 49368D991DD51D5400D3257D /* GCD.swift */; };
		49368D9C1DD5212F00D3257D /* WeeklyProgramsTableViewCell.swift in Sources */ = {isa = PBXBuildFile; fileRef = 49368D9B1DD5212F00D3257D /* WeeklyProgramsTableViewCell.swift */; };
		49C571AC1DDA76E1008C9558 /* UpcomingProgramsCell.swift in Sources */ = {isa = PBXBuildFile; fileRef = 49C571AB1DDA76E1008C9558 /* UpcomingProgramsCell.swift */; };
		49C571B41DDA9CDC008C9558 /* DaysOfWeekCollectionCellCell.swift in Sources */ = {isa = PBXBuildFile; fileRef = 49C571B31DDA9CDC008C9558 /* DaysOfWeekCollectionCellCell.swift */; };
		49C571B61DDAA484008C9558 /* WeeklyProgramsViewController.swift in Sources */ = {isa = PBXBuildFile; fileRef = 49C571B51DDAA484008C9558 /* WeeklyProgramsViewController.swift */; };
		49C571BA1DDAB00C008C9558 /* PageTestViewController.swift in Sources */ = {isa = PBXBuildFile; fileRef = 49C571B91DDAB00C008C9558 /* PageTestViewController.swift */; };
		94A9372DEF662ADC63FCD6BE /* Pods_Saba_Center.framework in Frameworks */ = {isa = PBXBuildFile; fileRef = 5156718A5BF7A60C09F4133D /* Pods_Saba_Center.framework */; };
/* End PBXBuildFile section */

/* Begin PBXFileReference section */
		4902FFD41DD629C400E54871 /* PrayTime.h */ = {isa = PBXFileReference; lastKnownFileType = sourcecode.c.h; path = PrayTime.h; sourceTree = "<group>"; };
		4902FFD51DD629F400E54871 /* Saba Center-Bridging-Header.h */ = {isa = PBXFileReference; lastKnownFileType = sourcecode.c.h; path = "Saba Center-Bridging-Header.h"; sourceTree = "<group>"; };
		4902FFD61DD629F500E54871 /* PrayTime.m */ = {isa = PBXFileReference; fileEncoding = 4; lastKnownFileType = sourcecode.c.objc; path = PrayTime.m; sourceTree = "<group>"; };
		492836301DD6431100909041 /* PrayerTimesViewController.swift */ = {isa = PBXFileReference; fileEncoding = 4; lastKnownFileType = sourcecode.swift; path = PrayerTimesViewController.swift; sourceTree = "<group>"; };
		492836321DD7A17C00909041 /* PrayerTimeModel.swift */ = {isa = PBXFileReference; fileEncoding = 4; lastKnownFileType = sourcecode.swift; path = PrayerTimeModel.swift; sourceTree = "<group>"; };
		492836361DD7B23600909041 /* GoogleService-Info.plist */ = {isa = PBXFileReference; fileEncoding = 4; lastKnownFileType = text.plist.xml; path = "GoogleService-Info.plist"; sourceTree = "<group>"; };
		492836381DDA2A7100909041 /* UpcomingProgramsViewController.swift */ = {isa = PBXFileReference; fileEncoding = 4; lastKnownFileType = sourcecode.swift; path = UpcomingProgramsViewController.swift; sourceTree = "<group>"; };
		49368D771DCF8ED500D3257D /* Saba Center.app */ = {isa = PBXFileReference; explicitFileType = wrapper.application; includeInIndex = 0; path = "Saba Center.app"; sourceTree = BUILT_PRODUCTS_DIR; };
		49368D7A1DCF8ED600D3257D /* AppDelegate.swift */ = {isa = PBXFileReference; lastKnownFileType = sourcecode.swift; path = AppDelegate.swift; sourceTree = "<group>"; };
		49368D7F1DCF8ED700D3257D /* Base */ = {isa = PBXFileReference; lastKnownFileType = file.storyboard; name = Base; path = Base.lproj/Main.storyboard; sourceTree = "<group>"; };
		49368D811DCF8ED800D3257D /* Assets.xcassets */ = {isa = PBXFileReference; lastKnownFileType = folder.assetcatalog; path = Assets.xcassets; sourceTree = "<group>"; };
		49368D841DCF8ED800D3257D /* Base */ = {isa = PBXFileReference; lastKnownFileType = file.storyboard; name = Base; path = Base.lproj/LaunchScreen.storyboard; sourceTree = "<group>"; };
		49368D861DCF8ED900D3257D /* Info.plist */ = {isa = PBXFileReference; lastKnownFileType = text.plist.xml; path = Info.plist; sourceTree = "<group>"; };
		49368D8F1DCFF54100D3257D /* GoogleDocsClient.swift */ = {isa = PBXFileReference; fileEncoding = 4; lastKnownFileType = sourcecode.swift; path = GoogleDocsClient.swift; sourceTree = "<group>"; };
		49368D911DCFF59900D3257D /* GoogleDocsConstants.swift */ = {isa = PBXFileReference; fileEncoding = 4; lastKnownFileType = sourcecode.swift; path = GoogleDocsConstants.swift; sourceTree = "<group>"; };
		49368D931DCFFC6B00D3257D /* GoogleDocsConvenience.swift */ = {isa = PBXFileReference; fileEncoding = 4; lastKnownFileType = sourcecode.swift; path = GoogleDocsConvenience.swift; sourceTree = "<group>"; };
		49368D951DCFFDC700D3257D /* SabaCenterData.swift */ = {isa = PBXFileReference; fileEncoding = 4; lastKnownFileType = sourcecode.swift; path = SabaCenterData.swift; sourceTree = "<group>"; };
		49368D991DD51D5400D3257D /* GCD.swift */ = {isa = PBXFileReference; fileEncoding = 4; lastKnownFileType = sourcecode.swift; path = GCD.swift; sourceTree = "<group>"; };
		49368D9B1DD5212F00D3257D /* WeeklyProgramsTableViewCell.swift */ = {isa = PBXFileReference; fileEncoding = 4; lastKnownFileType = sourcecode.swift; path = WeeklyProgramsTableViewCell.swift; sourceTree = "<group>"; };
		49C571AB1DDA76E1008C9558 /* UpcomingProgramsCell.swift */ = {isa = PBXFileReference; fileEncoding = 4; lastKnownFileType = sourcecode.swift; path = UpcomingProgramsCell.swift; sourceTree = "<group>"; };
		49C571B31DDA9CDC008C9558 /* DaysOfWeekCollectionCellCell.swift */ = {isa = PBXFileReference; fileEncoding = 4; lastKnownFileType = sourcecode.swift; path = DaysOfWeekCollectionCellCell.swift; sourceTree = "<group>"; };
		49C571B51DDAA484008C9558 /* WeeklyProgramsViewController.swift */ = {isa = PBXFileReference; fileEncoding = 4; lastKnownFileType = sourcecode.swift; path = WeeklyProgramsViewController.swift; sourceTree = "<group>"; };
		49C571B91DDAB00C008C9558 /* PageTestViewController.swift */ = {isa = PBXFileReference; fileEncoding = 4; lastKnownFileType = sourcecode.swift; path = PageTestViewController.swift; sourceTree = "<group>"; };
		5156718A5BF7A60C09F4133D /* Pods_Saba_Center.framework */ = {isa = PBXFileReference; explicitFileType = wrapper.framework; includeInIndex = 0; path = Pods_Saba_Center.framework; sourceTree = BUILT_PRODUCTS_DIR; };
		5A6AB722BB8D7EFAD34F5906 /* Pods-Saba Center.debug.xcconfig */ = {isa = PBXFileReference; includeInIndex = 1; lastKnownFileType = text.xcconfig; name = "Pods-Saba Center.debug.xcconfig"; path = "Pods/Target Support Files/Pods-Saba Center/Pods-Saba Center.debug.xcconfig"; sourceTree = "<group>"; };
		DB2A168F188672C3C446468C /* Pods-Saba Center.release.xcconfig */ = {isa = PBXFileReference; includeInIndex = 1; lastKnownFileType = text.xcconfig; name = "Pods-Saba Center.release.xcconfig"; path = "Pods/Target Support Files/Pods-Saba Center/Pods-Saba Center.release.xcconfig"; sourceTree = "<group>"; };
/* End PBXFileReference section */

/* Begin PBXFrameworksBuildPhase section */
		49368D741DCF8EC800D3257D /* Frameworks */ = {
			isa = PBXFrameworksBuildPhase;
			buildActionMask = 2147483647;
			files = (
				94A9372DEF662ADC63FCD6BE /* Pods_Saba_Center.framework in Frameworks */,
			);
			runOnlyForDeploymentPostprocessing = 0;
		};
/* End PBXFrameworksBuildPhase section */

/* Begin PBXGroup section */
		4902FFD81DD62A1800E54871 /* PrayTime */ = {
			isa = PBXGroup;
			children = (
				492836321DD7A17C00909041 /* PrayerTimeModel.swift */,
				4902FFD41DD629C400E54871 /* PrayTime.h */,
				4902FFD61DD629F500E54871 /* PrayTime.m */,
				4902FFD51DD629F400E54871 /* Saba Center-Bridging-Header.h */,
			);
			name = PrayTime;
			sourceTree = "<group>";
		};
		492836341DD7A49B00909041 /* Controllers */ = {
			isa = PBXGroup;
			children = (
				49C571B51DDAA484008C9558 /* WeeklyProgramsViewController.swift */,
				49C571B91DDAB00C008C9558 /* PageTestViewController.swift */,
				492836301DD6431100909041 /* PrayerTimesViewController.swift */,
				492836381DDA2A7100909041 /* UpcomingProgramsViewController.swift */,
			);
			name = Controllers;
			sourceTree = "<group>";
		};
		492836351DD7A4EA00909041 /* Views */ = {
			isa = PBXGroup;
			children = (
				49368D9B1DD5212F00D3257D /* WeeklyProgramsTableViewCell.swift */,
				49C571AB1DDA76E1008C9558 /* UpcomingProgramsCell.swift */,
				49C571B31DDA9CDC008C9558 /* DaysOfWeekCollectionCellCell.swift */,
			);
			name = Views;
			sourceTree = "<group>";
		};
		49368D6E1DCF8EC500D3257D = {
			isa = PBXGroup;
			children = (
				49368D791DCF8ED500D3257D /* Saba Center */,
				49368D781DCF8ED500D3257D /* Products */,
				FD45A59329B8BA3DE79DA5A5 /* Pods */,
				6939F8E49B716A9157CFF0E2 /* Frameworks */,
			);
			sourceTree = "<group>";
		};
		49368D781DCF8ED500D3257D /* Products */ = {
			isa = PBXGroup;
			children = (
				49368D771DCF8ED500D3257D /* Saba Center.app */,
			);
			name = Products;
			sourceTree = "<group>";
		};
		49368D791DCF8ED500D3257D /* Saba Center */ = {
			isa = PBXGroup;
			children = (
				492836341DD7A49B00909041 /* Controllers */,
				49368D8C1DCFF4DB00D3257D /* Models */,
				492836351DD7A4EA00909041 /* Views */,
				49368D7A1DCF8ED600D3257D /* AppDelegate.swift */,
				49368D991DD51D5400D3257D /* GCD.swift */,
				49368D7E1DCF8ED700D3257D /* Main.storyboard */,
				49368D811DCF8ED800D3257D /* Assets.xcassets */,
				49368D831DCF8ED800D3257D /* LaunchScreen.storyboard */,
				49368D861DCF8ED900D3257D /* Info.plist */,
				492836361DD7B23600909041 /* GoogleService-Info.plist */,
			);
			path = "Saba Center";
			sourceTree = "<group>";
		};
		49368D8C1DCFF4DB00D3257D /* Models */ = {
			isa = PBXGroup;
			children = (
				4902FFD81DD62A1800E54871 /* PrayTime */,
				49368D8E1DCFF4F000D3257D /* SabaGoogleDocs */,
			);
			name = Models;
			sourceTree = "<group>";
		};
		49368D8E1DCFF4F000D3257D /* SabaGoogleDocs */ = {
			isa = PBXGroup;
			children = (
				49368D931DCFFC6B00D3257D /* GoogleDocsConvenience.swift */,
				49368D8F1DCFF54100D3257D /* GoogleDocsClient.swift */,
				49368D911DCFF59900D3257D /* GoogleDocsConstants.swift */,
				49368D951DCFFDC700D3257D /* SabaCenterData.swift */,
			);
			name = SabaGoogleDocs;
			sourceTree = "<group>";
		};
		6939F8E49B716A9157CFF0E2 /* Frameworks */ = {
			isa = PBXGroup;
			children = (
				5156718A5BF7A60C09F4133D /* Pods_Saba_Center.framework */,
			);
			name = Frameworks;
			sourceTree = "<group>";
		};
		FD45A59329B8BA3DE79DA5A5 /* Pods */ = {
			isa = PBXGroup;
			children = (
				5A6AB722BB8D7EFAD34F5906 /* Pods-Saba Center.debug.xcconfig */,
				DB2A168F188672C3C446468C /* Pods-Saba Center.release.xcconfig */,
			);
			name = Pods;
			sourceTree = "<group>";
		};
/* End PBXGroup section */

/* Begin PBXNativeTarget section */
		49368D761DCF8EC800D3257D /* Saba Center */ = {
			isa = PBXNativeTarget;
			buildConfigurationList = 49368D891DCF8ED900D3257D /* Build configuration list for PBXNativeTarget "Saba Center" */;
			buildPhases = (
				20ABA60BBEE9481D8B7576DC /* [CP] Check Pods Manifest.lock */,
				49368D731DCF8EC800D3257D /* Sources */,
				49368D741DCF8EC800D3257D /* Frameworks */,
				49368D751DCF8EC800D3257D /* Resources */,
				E87A791FD2ADC950D89EA230 /* [CP] Embed Pods Frameworks */,
				A37EEF43E51FFAC5D1DF3C31 /* [CP] Copy Pods Resources */,
			);
			buildRules = (
			);
			dependencies = (
			);
			name = "Saba Center";
			productName = "Saba Center";
			productReference = 49368D771DCF8ED500D3257D /* Saba Center.app */;
			productType = "com.apple.product-type.application";
		};
/* End PBXNativeTarget section */

/* Begin PBXProject section */
		49368D6F1DCF8EC600D3257D /* Project object */ = {
			isa = PBXProject;
			attributes = {
				LastSwiftUpdateCheck = 0800;
				LastUpgradeCheck = 0800;
				ORGANIZATIONNAME = com.AliMir;
				TargetAttributes = {
					49368D761DCF8EC800D3257D = {
						CreatedOnToolsVersion = 8.0;
						DevelopmentTeam = 396S2E45WK;
						LastSwiftMigration = 0800;
						ProvisioningStyle = Automatic;
					};
				};
			};
			buildConfigurationList = 49368D721DCF8EC700D3257D /* Build configuration list for PBXProject "Saba Center" */;
			compatibilityVersion = "Xcode 3.2";
			developmentRegion = English;
			hasScannedForEncodings = 0;
			knownRegions = (
				en,
				Base,
			);
			mainGroup = 49368D6E1DCF8EC500D3257D;
			productRefGroup = 49368D781DCF8ED500D3257D /* Products */;
			projectDirPath = "";
			projectRoot = "";
			targets = (
				49368D761DCF8EC800D3257D /* Saba Center */,
			);
		};
/* End PBXProject section */

/* Begin PBXResourcesBuildPhase section */
		49368D751DCF8EC800D3257D /* Resources */ = {
			isa = PBXResourcesBuildPhase;
			buildActionMask = 2147483647;
			files = (
				49368D851DCF8ED800D3257D /* LaunchScreen.storyboard in Resources */,
				492836371DD7B23600909041 /* GoogleService-Info.plist in Resources */,
				49368D821DCF8ED800D3257D /* Assets.xcassets in Resources */,
				49368D801DCF8ED700D3257D /* Main.storyboard in Resources */,
			);
			runOnlyForDeploymentPostprocessing = 0;
		};
/* End PBXResourcesBuildPhase section */

/* Begin PBXShellScriptBuildPhase section */
		20ABA60BBEE9481D8B7576DC /* [CP] Check Pods Manifest.lock */ = {
			isa = PBXShellScriptBuildPhase;
			buildActionMask = 2147483647;
			files = (
			);
			inputPaths = (
			);
			name = "[CP] Check Pods Manifest.lock";
			outputPaths = (
			);
			runOnlyForDeploymentPostprocessing = 0;
			shellPath = /bin/sh;
			shellScript = "diff \"${PODS_ROOT}/../Podfile.lock\" \"${PODS_ROOT}/Manifest.lock\" > /dev/null\nif [ $? != 0 ] ; then\n    # print error to STDERR\n    echo \"error: The sandbox is not in sync with the Podfile.lock. Run 'pod install' or update your CocoaPods installation.\" >&2\n    exit 1\nfi\n";
			showEnvVarsInLog = 0;
		};
		A37EEF43E51FFAC5D1DF3C31 /* [CP] Copy Pods Resources */ = {
			isa = PBXShellScriptBuildPhase;
			buildActionMask = 2147483647;
			files = (
			);
			inputPaths = (
			);
			name = "[CP] Copy Pods Resources";
			outputPaths = (
			);
			runOnlyForDeploymentPostprocessing = 0;
			shellPath = /bin/sh;
			shellScript = "\"${SRCROOT}/Pods/Target Support Files/Pods-Saba Center/Pods-Saba Center-resources.sh\"\n";
			showEnvVarsInLog = 0;
		};
		E87A791FD2ADC950D89EA230 /* [CP] Embed Pods Frameworks */ = {
			isa = PBXShellScriptBuildPhase;
			buildActionMask = 2147483647;
			files = (
			);
			inputPaths = (
			);
			name = "[CP] Embed Pods Frameworks";
			outputPaths = (
			);
			runOnlyForDeploymentPostprocessing = 0;
			shellPath = /bin/sh;
			shellScript = "\"${SRCROOT}/Pods/Target Support Files/Pods-Saba Center/Pods-Saba Center-frameworks.sh\"\n";
			showEnvVarsInLog = 0;
		};
/* End PBXShellScriptBuildPhase section */

/* Begin PBXSourcesBuildPhase section */
		49368D731DCF8EC800D3257D /* Sources */ = {
			isa = PBXSourcesBuildPhase;
			buildActionMask = 2147483647;
			files = (
				49368D9A1DD51D5400D3257D /* GCD.swift in Sources */,
				49C571B41DDA9CDC008C9558 /* DaysOfWeekCollectionCellCell.swift in Sources */,
				49368D9C1DD5212F00D3257D /* WeeklyProgramsTableViewCell.swift in Sources */,
				492836311DD6431100909041 /* PrayerTimesViewController.swift in Sources */,
				492836391DDA2A7100909041 /* UpcomingProgramsViewController.swift in Sources */,
				49C571B61DDAA484008C9558 /* WeeklyProgramsViewController.swift in Sources */,
				4902FFD71DD629F500E54871 /* PrayTime.m in Sources */,
				49C571BA1DDAB00C008C9558 /* PageTestViewController.swift in Sources */,
				49C571AC1DDA76E1008C9558 /* UpcomingProgramsCell.swift in Sources */,
				49368D961DCFFDC700D3257D /* SabaCenterData.swift in Sources */,
				492836331DD7A17C00909041 /* PrayerTimeModel.swift in Sources */,
				49368D941DCFFC6B00D3257D /* GoogleDocsConvenience.swift in Sources */,
				49368D7B1DCF8ED600D3257D /* AppDelegate.swift in Sources */,
				49368D901DCFF54100D3257D /* GoogleDocsClient.swift in Sources */,
				49368D921DCFF59900D3257D /* GoogleDocsConstants.swift in Sources */,
			);
			runOnlyForDeploymentPostprocessing = 0;
		};
/* End PBXSourcesBuildPhase section */

/* Begin PBXVariantGroup section */
		49368D7E1DCF8ED700D3257D /* Main.storyboard */ = {
			isa = PBXVariantGroup;
			children = (
				49368D7F1DCF8ED700D3257D /* Base */,
			);
			name = Main.storyboard;
			sourceTree = "<group>";
		};
		49368D831DCF8ED800D3257D /* LaunchScreen.storyboard */ = {
			isa = PBXVariantGroup;
			children = (
				49368D841DCF8ED800D3257D /* Base */,
			);
			name = LaunchScreen.storyboard;
			sourceTree = "<group>";
		};
/* End PBXVariantGroup section */

/* Begin XCBuildConfiguration section */
		49368D871DCF8ED900D3257D /* Debug */ = {
			isa = XCBuildConfiguration;
			buildSettings = {
				ALWAYS_SEARCH_USER_PATHS = NO;
				CLANG_ANALYZER_NONNULL = YES;
				CLANG_CXX_LANGUAGE_STANDARD = "gnu++0x";
				CLANG_CXX_LIBRARY = "libc++";
				CLANG_ENABLE_MODULES = YES;
				CLANG_ENABLE_OBJC_ARC = YES;
				CLANG_WARN_BOOL_CONVERSION = YES;
				CLANG_WARN_CONSTANT_CONVERSION = YES;
				CLANG_WARN_DIRECT_OBJC_ISA_USAGE = YES_ERROR;
				CLANG_WARN_DOCUMENTATION_COMMENTS = YES;
				CLANG_WARN_EMPTY_BODY = YES;
				CLANG_WARN_ENUM_CONVERSION = YES;
				CLANG_WARN_INFINITE_RECURSION = YES;
				CLANG_WARN_INT_CONVERSION = YES;
				CLANG_WARN_OBJC_ROOT_CLASS = YES_ERROR;
				CLANG_WARN_SUSPICIOUS_MOVES = YES;
				CLANG_WARN_UNREACHABLE_CODE = YES;
				CLANG_WARN__DUPLICATE_METHOD_MATCH = YES;
				"CODE_SIGN_IDENTITY[sdk=iphoneos*]" = "iPhone Developer";
				COPY_PHASE_STRIP = NO;
				DEBUG_INFORMATION_FORMAT = dwarf;
				ENABLE_STRICT_OBJC_MSGSEND = YES;
				ENABLE_TESTABILITY = YES;
				GCC_C_LANGUAGE_STANDARD = gnu99;
				GCC_DYNAMIC_NO_PIC = NO;
				GCC_NO_COMMON_BLOCKS = YES;
				GCC_OPTIMIZATION_LEVEL = 0;
				GCC_PREPROCESSOR_DEFINITIONS = (
					"DEBUG=1",
					"$(inherited)",
				);
				GCC_WARN_64_TO_32_BIT_CONVERSION = YES;
				GCC_WARN_ABOUT_RETURN_TYPE = YES_ERROR;
				GCC_WARN_UNDECLARED_SELECTOR = YES;
				GCC_WARN_UNINITIALIZED_AUTOS = YES_AGGRESSIVE;
				GCC_WARN_UNUSED_FUNCTION = YES;
				GCC_WARN_UNUSED_VARIABLE = YES;
				IPHONEOS_DEPLOYMENT_TARGET = 10.0;
				MTL_ENABLE_DEBUG_INFO = YES;
				ONLY_ACTIVE_ARCH = YES;
				SDKROOT = iphoneos;
				SWIFT_ACTIVE_COMPILATION_CONDITIONS = DEBUG;
				SWIFT_OPTIMIZATION_LEVEL = "-Onone";
				TARGETED_DEVICE_FAMILY = "1,2";
			};
			name = Debug;
		};
		49368D881DCF8ED900D3257D /* Release */ = {
			isa = XCBuildConfiguration;
			buildSettings = {
				ALWAYS_SEARCH_USER_PATHS = NO;
				CLANG_ANALYZER_NONNULL = YES;
				CLANG_CXX_LANGUAGE_STANDARD = "gnu++0x";
				CLANG_CXX_LIBRARY = "libc++";
				CLANG_ENABLE_MODULES = YES;
				CLANG_ENABLE_OBJC_ARC = YES;
				CLANG_WARN_BOOL_CONVERSION = YES;
				CLANG_WARN_CONSTANT_CONVERSION = YES;
				CLANG_WARN_DIRECT_OBJC_ISA_USAGE = YES_ERROR;
				CLANG_WARN_DOCUMENTATION_COMMENTS = YES;
				CLANG_WARN_EMPTY_BODY = YES;
				CLANG_WARN_ENUM_CONVERSION = YES;
				CLANG_WARN_INFINITE_RECURSION = YES;
				CLANG_WARN_INT_CONVERSION = YES;
				CLANG_WARN_OBJC_ROOT_CLASS = YES_ERROR;
				CLANG_WARN_SUSPICIOUS_MOVES = YES;
				CLANG_WARN_UNREACHABLE_CODE = YES;
				CLANG_WARN__DUPLICATE_METHOD_MATCH = YES;
				"CODE_SIGN_IDENTITY[sdk=iphoneos*]" = "iPhone Developer";
				COPY_PHASE_STRIP = NO;
				DEBUG_INFORMATION_FORMAT = "dwarf-with-dsym";
				ENABLE_NS_ASSERTIONS = NO;
				ENABLE_STRICT_OBJC_MSGSEND = YES;
				GCC_C_LANGUAGE_STANDARD = gnu99;
				GCC_NO_COMMON_BLOCKS = YES;
				GCC_WARN_64_TO_32_BIT_CONVERSION = YES;
				GCC_WARN_ABOUT_RETURN_TYPE = YES_ERROR;
				GCC_WARN_UNDECLARED_SELECTOR = YES;
				GCC_WARN_UNINITIALIZED_AUTOS = YES_AGGRESSIVE;
				GCC_WARN_UNUSED_FUNCTION = YES;
				GCC_WARN_UNUSED_VARIABLE = YES;
				IPHONEOS_DEPLOYMENT_TARGET = 10.0;
				MTL_ENABLE_DEBUG_INFO = NO;
				SDKROOT = iphoneos;
				SWIFT_OPTIMIZATION_LEVEL = "-Owholemodule";
				TARGETED_DEVICE_FAMILY = "1,2";
				VALIDATE_PRODUCT = YES;
			};
			name = Release;
		};
		49368D8A1DCF8ED900D3257D /* Debug */ = {
			isa = XCBuildConfiguration;
			baseConfigurationReference = 5A6AB722BB8D7EFAD34F5906 /* Pods-Saba Center.debug.xcconfig */;
			buildSettings = {
				ASSETCATALOG_COMPILER_APPICON_NAME = AppIcon;
				CLANG_ENABLE_MODULES = YES;
				DEVELOPMENT_TEAM = 396S2E45WK;
				INFOPLIST_FILE = "Saba Center/Info.plist";
				LD_RUNPATH_SEARCH_PATHS = "$(inherited) @executable_path/Frameworks";
				PRODUCT_BUNDLE_IDENTIFIER = "com.Saba-Center";
				PRODUCT_NAME = "$(TARGET_NAME)";
				SWIFT_OBJC_BRIDGING_HEADER = "Saba Center/Saba Center-Bridging-Header.h";
				SWIFT_OPTIMIZATION_LEVEL = "-Onone";
				SWIFT_VERSION = 3.0;
			};
			name = Debug;
		};
		49368D8B1DCF8ED900D3257D /* Release */ = {
			isa = XCBuildConfiguration;
			baseConfigurationReference = DB2A168F188672C3C446468C /* Pods-Saba Center.release.xcconfig */;
			buildSettings = {
				ASSETCATALOG_COMPILER_APPICON_NAME = AppIcon;
				CLANG_ENABLE_MODULES = YES;
				DEVELOPMENT_TEAM = 396S2E45WK;
				INFOPLIST_FILE = "Saba Center/Info.plist";
				LD_RUNPATH_SEARCH_PATHS = "$(inherited) @executable_path/Frameworks";
				PRODUCT_BUNDLE_IDENTIFIER = "com.Saba-Center";
				PRODUCT_NAME = "$(TARGET_NAME)";
				SWIFT_OBJC_BRIDGING_HEADER = "Saba Center/Saba Center-Bridging-Header.h";
				SWIFT_VERSION = 3.0;
			};
			name = Release;
		};
/* End XCBuildConfiguration section */

/* Begin XCConfigurationList section */
		49368D721DCF8EC700D3257D /* Build configuration list for PBXProject "Saba Center" */ = {
			isa = XCConfigurationList;
			buildConfigurations = (
				49368D871DCF8ED900D3257D /* Debug */,
				49368D881DCF8ED900D3257D /* Release */,
			);
			defaultConfigurationIsVisible = 0;
			defaultConfigurationName = Release;
		};
		49368D891DCF8ED900D3257D /* Build configuration list for PBXNativeTarget "Saba Center" */ = {
			isa = XCConfigurationList;
			buildConfigurations = (
				49368D8A1DCF8ED900D3257D /* Debug */,
				49368D8B1DCF8ED900D3257D /* Release */,
			);
			defaultConfigurationIsVisible = 0;
			defaultConfigurationName = Release;
		};
/* End XCConfigurationList section */
	};
	rootObject = 49368D6F1DCF8EC600D3257D /* Project object */;
}
