// !$*UTF8*$!
{
	archiveVersion = 1;
	classes = {
	};
	objectVersion = 46;
	objects = {

/* Begin PBXBuildFile section */
		49368D7B1DCF8ED600D3257D /* AppDelegate.swift in Sources */ = {isa = PBXBuildFile; fileRef = 49368D7A1DCF8ED600D3257D /* AppDelegate.swift */; };
		49368D801DCF8ED700D3257D /* Main.storyboard in Resources */ = {isa = PBXBuildFile; fileRef = 49368D7E1DCF8ED700D3257D /* Main.storyboard */; };
		49368D821DCF8ED800D3257D /* Assets.xcassets in Resources */ = {isa = PBXBuildFile; fileRef = 49368D811DCF8ED800D3257D /* Assets.xcassets */; };
		49368D851DCF8ED800D3257D /* LaunchScreen.storyboard in Resources */ = {isa = PBXBuildFile; fileRef = 49368D831DCF8ED800D3257D /* LaunchScreen.storyboard */; };
		49368D901DCFF54100D3257D /* GoogleDocsClient.swift in Sources */ = {isa = PBXBuildFile; fileRef = 49368D8F1DCFF54100D3257D /* GoogleDocsClient.swift */; };
		49368D921DCFF59900D3257D /* GoogleDocsConstants.swift in Sources */ = {isa = PBXBuildFile; fileRef = 49368D911DCFF59900D3257D /* GoogleDocsConstants.swift */; };
		49368D941DCFFC6B00D3257D /* GoogleDocsConvenience.swift in Sources */ = {isa = PBXBuildFile; fileRef = 49368D931DCFFC6B00D3257D /* GoogleDocsConvenience.swift */; };
		49368D961DCFFDC700D3257D /* SabaCenterData.swift in Sources */ = {isa = PBXBuildFile; fileRef = 49368D951DCFFDC700D3257D /* SabaCenterData.swift */; };
		49368D981DD51C4A00D3257D /* WeeklyProgramsTableViewController.swift in Sources */ = {isa = PBXBuildFile; fileRef = 49368D971DD51C4A00D3257D /* WeeklyProgramsTableViewController.swift */; };
		49368D9A1DD51D5400D3257D /* GCD.swift in Sources */ = {isa = PBXBuildFile; fileRef = 49368D991DD51D5400D3257D /* GCD.swift */; };
		49368D9C1DD5212F00D3257D /* WeeklyProgramsTableViewCell.swift in Sources */ = {isa = PBXBuildFile; fileRef = 49368D9B1DD5212F00D3257D /* WeeklyProgramsTableViewCell.swift */; };
/* End PBXBuildFile section */

/* Begin PBXFileReference section */
		49368D771DCF8ED500D3257D /* Saba Center.app */ = {isa = PBXFileReference; explicitFileType = wrapper.application; includeInIndex = 0; path = "Saba Center.app"; sourceTree = BUILT_PRODUCTS_DIR; };
		49368D7A1DCF8ED600D3257D /* AppDelegate.swift */ = {isa = PBXFileReference; lastKnownFileType = sourcecode.swift; path = AppDelegate.swift; sourceTree = "<group>"; };
		49368D7F1DCF8ED700D3257D /* Base */ = {isa = PBXFileReference; lastKnownFileType = file.storyboard; name = Base; path = Base.lproj/Main.storyboard; sourceTree = "<group>"; };
		49368D811DCF8ED800D3257D /* Assets.xcassets */ = {isa = PBXFileReference; lastKnownFileType = folder.assetcatalog; path = Assets.xcassets; sourceTree = "<group>"; };
		49368D841DCF8ED800D3257D /* Base */ = {isa = PBXFileReference; lastKnownFileType = file.storyboard; name = Base; path = Base.lproj/LaunchScreen.storyboard; sourceTree = "<group>"; };
		49368D861DCF8ED900D3257D /* Info.plist */ = {isa = PBXFileReference; lastKnownFileType = text.plist.xml; path = Info.plist; sourceTree = "<group>"; };
		49368D8F1DCFF54100D3257D /* GoogleDocsClient.swift */ = {isa = PBXFileReference; fileEncoding = 4; lastKnownFileType = sourcecode.swift; path = GoogleDocsClient.swift; sourceTree = "<group>"; };
		49368D911DCFF59900D3257D /* GoogleDocsConstants.swift */ = {isa = PBXFileReference; fileEncoding = 4; lastKnownFileType = sourcecode.swift; path = GoogleDocsConstants.swift; sourceTree = "<group>"; };
		49368D931DCFFC6B00D3257D /* GoogleDocsConvenience.swift */ = {isa = PBXFileReference; fileEncoding = 4; lastKnownFileType = sourcecode.swift; path = GoogleDocsConvenience.swift; sourceTree = "<group>"; };
		49368D951DCFFDC700D3257D /* SabaCenterData.swift */ = {isa = PBXFileReference; fileEncoding = 4; lastKnownFileType = sourcecode.swift; path = SabaCenterData.swift; sourceTree = "<group>"; };
		49368D971DD51C4A00D3257D /* WeeklyProgramsTableViewController.swift */ = {isa = PBXFileReference; fileEncoding = 4; lastKnownFileType = sourcecode.swift; path = WeeklyProgramsTableViewController.swift; sourceTree = "<group>"; };
		49368D991DD51D5400D3257D /* GCD.swift */ = {isa = PBXFileReference; fileEncoding = 4; lastKnownFileType = sourcecode.swift; path = GCD.swift; sourceTree = "<group>"; };
		49368D9B1DD5212F00D3257D /* WeeklyProgramsTableViewCell.swift */ = {isa = PBXFileReference; fileEncoding = 4; lastKnownFileType = sourcecode.swift; path = WeeklyProgramsTableViewCell.swift; sourceTree = "<group>"; };
/* End PBXFileReference section */

/* Begin PBXFrameworksBuildPhase section */
		49368D741DCF8EC800D3257D /* Frameworks */ = {
			isa = PBXFrameworksBuildPhase;
			buildActionMask = 2147483647;
			files = (
			);
			runOnlyForDeploymentPostprocessing = 0;
		};
/* End PBXFrameworksBuildPhase section */

/* Begin PBXGroup section */
		49368D6E1DCF8EC500D3257D = {
			isa = PBXGroup;
			children = (
				49368D791DCF8ED500D3257D /* Saba Center */,
				49368D781DCF8ED500D3257D /* Products */,
			);
			sourceTree = "<group>";
		};
		49368D781DCF8ED500D3257D /* Products */ = {
			isa = PBXGroup;
			children = (
				49368D771DCF8ED500D3257D /* Saba Center.app */,
			);
			name = Products;
			sourceTree = "<group>";
		};
		49368D791DCF8ED500D3257D /* Saba Center */ = {
			isa = PBXGroup;
			children = (
				49368D7A1DCF8ED600D3257D /* AppDelegate.swift */,
				49368D991DD51D5400D3257D /* GCD.swift */,
				49368D971DD51C4A00D3257D /* WeeklyProgramsTableViewController.swift */,
				49368D9B1DD5212F00D3257D /* WeeklyProgramsTableViewCell.swift */,
				49368D8C1DCFF4DB00D3257D /* Model */,
				49368D7E1DCF8ED700D3257D /* Main.storyboard */,
				49368D811DCF8ED800D3257D /* Assets.xcassets */,
				49368D831DCF8ED800D3257D /* LaunchScreen.storyboard */,
				49368D861DCF8ED900D3257D /* Info.plist */,
			);
			path = "Saba Center";
			sourceTree = "<group>";
		};
		49368D8C1DCFF4DB00D3257D /* Model */ = {
			isa = PBXGroup;
			children = (
				49368D8D1DCFF4E300D3257D /* Clients */,
			);
			name = Model;
			sourceTree = "<group>";
		};
		49368D8D1DCFF4E300D3257D /* Clients */ = {
			isa = PBXGroup;
			children = (
				49368D8E1DCFF4F000D3257D /* SabaGoogleDocs */,
			);
			name = Clients;
			sourceTree = "<group>";
		};
		49368D8E1DCFF4F000D3257D /* SabaGoogleDocs */ = {
			isa = PBXGroup;
			children = (
				49368D931DCFFC6B00D3257D /* GoogleDocsConvenience.swift */,
				49368D8F1DCFF54100D3257D /* GoogleDocsClient.swift */,
				49368D911DCFF59900D3257D /* GoogleDocsConstants.swift */,
				49368D951DCFFDC700D3257D /* SabaCenterData.swift */,
			);
			name = SabaGoogleDocs;
			sourceTree = "<group>";
		};
/* End PBXGroup section */

/* Begin PBXNativeTarget section */
		49368D761DCF8EC800D3257D /* Saba Center */ = {
			isa = PBXNativeTarget;
			buildConfigurationList = 49368D891DCF8ED900D3257D /* Build configuration list for PBXNativeTarget "Saba Center" */;
			buildPhases = (
				49368D731DCF8EC800D3257D /* Sources */,
				49368D741DCF8EC800D3257D /* Frameworks */,
				49368D751DCF8EC800D3257D /* Resources */,
			);
			buildRules = (
			);
			dependencies = (
			);
			name = "Saba Center";
			productName = "Saba Center";
			productReference = 49368D771DCF8ED500D3257D /* Saba Center.app */;
			productType = "com.apple.product-type.application";
		};
/* End PBXNativeTarget section */

/* Begin PBXProject section */
		49368D6F1DCF8EC600D3257D /* Project object */ = {
			isa = PBXProject;
			attributes = {
				LastSwiftUpdateCheck = 0800;
				LastUpgradeCheck = 0800;
				ORGANIZATIONNAME = com.AliMir;
				TargetAttributes = {
					49368D761DCF8EC800D3257D = {
						CreatedOnToolsVersion = 8.0;
						DevelopmentTeam = 396S2E45WK;
						ProvisioningStyle = Automatic;
					};
				};
			};
			buildConfigurationList = 49368D721DCF8EC700D3257D /* Build configuration list for PBXProject "Saba Center" */;
			compatibilityVersion = "Xcode 3.2";
			developmentRegion = English;
			hasScannedForEncodings = 0;
			knownRegions = (
				en,
				Base,
			);
			mainGroup = 49368D6E1DCF8EC500D3257D;
			productRefGroup = 49368D781DCF8ED500D3257D /* Products */;
			projectDirPath = "";
			projectRoot = "";
			targets = (
				49368D761DCF8EC800D3257D /* Saba Center */,
			);
		};
/* End PBXProject section */

/* Begin PBXResourcesBuildPhase section */
		49368D751DCF8EC800D3257D /* Resources */ = {
			isa = PBXResourcesBuildPhase;
			buildActionMask = 2147483647;
			files = (
				49368D851DCF8ED800D3257D /* LaunchScreen.storyboard in Resources */,
				49368D821DCF8ED800D3257D /* Assets.xcassets in Resources */,
				49368D801DCF8ED700D3257D /* Main.storyboard in Resources */,
			);
			runOnlyForDeploymentPostprocessing = 0;
		};
/* End PBXResourcesBuildPhase section */

/* Begin PBXSourcesBuildPhase section */
		49368D731DCF8EC800D3257D /* Sources */ = {
			isa = PBXSourcesBuildPhase;
			buildActionMask = 2147483647;
			files = (
				49368D9A1DD51D5400D3257D /* GCD.swift in Sources */,
				49368D9C1DD5212F00D3257D /* WeeklyProgramsTableViewCell.swift in Sources */,
				49368D981DD51C4A00D3257D /* WeeklyProgramsTableViewController.swift in Sources */,
				49368D961DCFFDC700D3257D /* SabaCenterData.swift in Sources */,
				49368D941DCFFC6B00D3257D /* GoogleDocsConvenience.swift in Sources */,
				49368D7B1DCF8ED600D3257D /* AppDelegate.swift in Sources */,
				49368D901DCFF54100D3257D /* GoogleDocsClient.swift in Sources */,
				49368D921DCFF59900D3257D /* GoogleDocsConstants.swift in Sources */,
			);
			runOnlyForDeploymentPostprocessing = 0;
		};
/* End PBXSourcesBuildPhase section */

/* Begin PBXVariantGroup section */
		49368D7E1DCF8ED700D3257D /* Main.storyboard */ = {
			isa = PBXVariantGroup;
			children = (
				49368D7F1DCF8ED700D3257D /* Base */,
			);
			name = Main.storyboard;
			sourceTree = "<group>";
		};
		49368D831DCF8ED800D3257D /* LaunchScreen.storyboard */ = {
			isa = PBXVariantGroup;
			children = (
				49368D841DCF8ED800D3257D /* Base */,
			);
			name = LaunchScreen.storyboard;
			sourceTree = "<group>";
		};
/* End PBXVariantGroup section */

/* Begin XCBuildConfiguration section */
		49368D871DCF8ED900D3257D /* Debug */ = {
			isa = XCBuildConfiguration;
			buildSettings = {
				ALWAYS_SEARCH_USER_PATHS = NO;
				CLANG_ANALYZER_NONNULL = YES;
				CLANG_CXX_LANGUAGE_STANDARD = "gnu++0x";
				CLANG_CXX_LIBRARY = "libc++";
				CLANG_ENABLE_MODULES = YES;
				CLANG_ENABLE_OBJC_ARC = YES;
				CLANG_WARN_BOOL_CONVERSION = YES;
				CLANG_WARN_CONSTANT_CONVERSION = YES;
				CLANG_WARN_DIRECT_OBJC_ISA_USAGE = YES_ERROR;
				CLANG_WARN_DOCUMENTATION_COMMENTS = YES;
				CLANG_WARN_EMPTY_BODY = YES;
				CLANG_WARN_ENUM_CONVERSION = YES;
				CLANG_WARN_INFINITE_RECURSION = YES;
				CLANG_WARN_INT_CONVERSION = YES;
				CLANG_WARN_OBJC_ROOT_CLASS = YES_ERROR;
				CLANG_WARN_SUSPICIOUS_MOVES = YES;
				CLANG_WARN_UNREACHABLE_CODE = YES;
				CLANG_WARN__DUPLICATE_METHOD_MATCH = YES;
				"CODE_SIGN_IDENTITY[sdk=iphoneos*]" = "iPhone Developer";
				COPY_PHASE_STRIP = NO;
				DEBUG_INFORMATION_FORMAT = dwarf;
				ENABLE_STRICT_OBJC_MSGSEND = YES;
				ENABLE_TESTABILITY = YES;
				GCC_C_LANGUAGE_STANDARD = gnu99;
				GCC_DYNAMIC_NO_PIC = NO;
				GCC_NO_COMMON_BLOCKS = YES;
				GCC_OPTIMIZATION_LEVEL = 0;
				GCC_PREPROCESSOR_DEFINITIONS = (
					"DEBUG=1",
					"$(inherited)",
				);
				GCC_WARN_64_TO_32_BIT_CONVERSION = YES;
				GCC_WARN_ABOUT_RETURN_TYPE = YES_ERROR;
				GCC_WARN_UNDECLARED_SELECTOR = YES;
				GCC_WARN_UNINITIALIZED_AUTOS = YES_AGGRESSIVE;
				GCC_WARN_UNUSED_FUNCTION = YES;
				GCC_WARN_UNUSED_VARIABLE = YES;
				IPHONEOS_DEPLOYMENT_TARGET = 10.0;
				MTL_ENABLE_DEBUG_INFO = YES;
				ONLY_ACTIVE_ARCH = YES;
				SDKROOT = iphoneos;
				SWIFT_ACTIVE_COMPILATION_CONDITIONS = DEBUG;
				SWIFT_OPTIMIZATION_LEVEL = "-Onone";
				TARGETED_DEVICE_FAMILY = "1,2";
			};
			name = Debug;
		};
		49368D881DCF8ED900D3257D /* Release */ = {
			isa = XCBuildConfiguration;
			buildSettings = {
				ALWAYS_SEARCH_USER_PATHS = NO;
				CLANG_ANALYZER_NONNULL = YES;
				CLANG_CXX_LANGUAGE_STANDARD = "gnu++0x";
				CLANG_CXX_LIBRARY = "libc++";
				CLANG_ENABLE_MODULES = YES;
				CLANG_ENABLE_OBJC_ARC = YES;
				CLANG_WARN_BOOL_CONVERSION = YES;
				CLANG_WARN_CONSTANT_CONVERSION = YES;
				CLANG_WARN_DIRECT_OBJC_ISA_USAGE = YES_ERROR;
				CLANG_WARN_DOCUMENTATION_COMMENTS = YES;
				CLANG_WARN_EMPTY_BODY = YES;
				CLANG_WARN_ENUM_CONVERSION = YES;
				CLANG_WARN_INFINITE_RECURSION = YES;
				CLANG_WARN_INT_CONVERSION = YES;
				CLANG_WARN_OBJC_ROOT_CLASS = YES_ERROR;
				CLANG_WARN_SUSPICIOUS_MOVES = YES;
				CLANG_WARN_UNREACHABLE_CODE = YES;
				CLANG_WARN__DUPLICATE_METHOD_MATCH = YES;
				"CODE_SIGN_IDENTITY[sdk=iphoneos*]" = "iPhone Developer";
				COPY_PHASE_STRIP = NO;
				DEBUG_INFORMATION_FORMAT = "dwarf-with-dsym";
				ENABLE_NS_ASSERTIONS = NO;
				ENABLE_STRICT_OBJC_MSGSEND = YES;
				GCC_C_LANGUAGE_STANDARD = gnu99;
				GCC_NO_COMMON_BLOCKS = YES;
				GCC_WARN_64_TO_32_BIT_CONVERSION = YES;
				GCC_WARN_ABOUT_RETURN_TYPE = YES_ERROR;
				GCC_WARN_UNDECLARED_SELECTOR = YES;
				GCC_WARN_UNINITIALIZED_AUTOS = YES_AGGRESSIVE;
				GCC_WARN_UNUSED_FUNCTION = YES;
				GCC_WARN_UNUSED_VARIABLE = YES;
				IPHONEOS_DEPLOYMENT_TARGET = 10.0;
				MTL_ENABLE_DEBUG_INFO = NO;
				SDKROOT = iphoneos;
				SWIFT_OPTIMIZATION_LEVEL = "-Owholemodule";
				TARGETED_DEVICE_FAMILY = "1,2";
				VALIDATE_PRODUCT = YES;
			};
			name = Release;
		};
		49368D8A1DCF8ED900D3257D /* Debug */ = {
			isa = XCBuildConfiguration;
			buildSettings = {
				ASSETCATALOG_COMPILER_APPICON_NAME = AppIcon;
				DEVELOPMENT_TEAM = 396S2E45WK;
				INFOPLIST_FILE = "Saba Center/Info.plist";
				LD_RUNPATH_SEARCH_PATHS = "$(inherited) @executable_path/Frameworks";
				PRODUCT_BUNDLE_IDENTIFIER = "com.Saba-Center";
				PRODUCT_NAME = "$(TARGET_NAME)";
				SWIFT_VERSION = 3.0;
			};
			name = Debug;
		};
		49368D8B1DCF8ED900D3257D /* Release */ = {
			isa = XCBuildConfiguration;
			buildSettings = {
				ASSETCATALOG_COMPILER_APPICON_NAME = AppIcon;
				DEVELOPMENT_TEAM = 396S2E45WK;
				INFOPLIST_FILE = "Saba Center/Info.plist";
				LD_RUNPATH_SEARCH_PATHS = "$(inherited) @executable_path/Frameworks";
				PRODUCT_BUNDLE_IDENTIFIER = "com.Saba-Center";
				PRODUCT_NAME = "$(TARGET_NAME)";
				SWIFT_VERSION = 3.0;
			};
			name = Release;
		};
/* End XCBuildConfiguration section */

/* Begin XCConfigurationList section */
		49368D721DCF8EC700D3257D /* Build configuration list for PBXProject "Saba Center" */ = {
			isa = XCConfigurationList;
			buildConfigurations = (
				49368D871DCF8ED900D3257D /* Debug */,
				49368D881DCF8ED900D3257D /* Release */,
			);
			defaultConfigurationIsVisible = 0;
			defaultConfigurationName = Release;
		};
		49368D891DCF8ED900D3257D /* Build configuration list for PBXNativeTarget "Saba Center" */ = {
			isa = XCConfigurationList;
			buildConfigurations = (
				49368D8A1DCF8ED900D3257D /* Debug */,
				49368D8B1DCF8ED900D3257D /* Release */,
			);
			defaultConfigurationIsVisible = 0;
			defaultConfigurationName = Release;
		};
/* End XCConfigurationList section */
	};
	rootObject = 49368D6F1DCF8EC600D3257D /* Project object */;
}
